
Microsoft Visual Studio Solution File, Format Version 12.00
# Visual Studio Version 17
VisualStudioVersion = 17.4.33213.308
MinimumVisualStudioVersion = 10.0.40219.1
Project("{9A19103F-16F7-4668-BE54-9A1E7A4F7556}") = "ApiSrbWeb", "ApiSrbWeb\ApiSrbWeb.csproj", "{3F435399-59CB-496E-A9EF-69A1D91C95F6}"
EndProject
Project("{FAE04EC0-301F-11D3-BF4B-00C04F79EFBC}") = "SrbWeb", "SrbWeb\SrbWeb.csproj", "{399DF393-DB66-4783-B3AA-039D59D6B964}"
EndProject
Global
	GlobalSection(SolutionConfigurationPlatforms) = preSolution
		Debug|Any CPU = Debug|Any CPU
		Release|Any CPU = Release|Any CPU
	EndGlobalSection
	GlobalSection(ProjectConfigurationPlatforms) = postSolution
		{3F435399-59CB-496E-A9EF-69A1D91C95F6}.Debug|Any CPU.ActiveCfg = Debug|Any CPU
		{3F435399-59CB-496E-A9EF-69A1D91C95F6}.Debug|Any CPU.Build.0 = Debug|Any CPU
		{3F435399-59CB-496E-A9EF-69A1D91C95F6}.Release|Any CPU.ActiveCfg = Release|Any CPU
		{3F435399-59CB-496E-A9EF-69A1D91C95F6}.Release|Any CPU.Build.0 = Release|Any CPU
		{399DF393-DB66-4783-B3AA-039D59D6B964}.Debug|Any CPU.ActiveCfg = Debug|Any CPU
		{399DF393-DB66-4783-B3AA-039D59D6B964}.Debug|Any CPU.Build.0 = Debug|Any CPU
		{399DF393-DB66-4783-B3AA-039D59D6B964}.Release|Any CPU.ActiveCfg = Release|Any CPU
		{399DF393-DB66-4783-B3AA-039D59D6B964}.Release|Any CPU.Build.0 = Release|Any CPU
	EndGlobalSection
	GlobalSection(SolutionProperties) = preSolution
		HideSolutionNode = FALSE
	EndGlobalSection
	GlobalSection(ExtensibilityGlobals) = postSolution
		SolutionGuid = {DBBE04C5-BD35-42B3-93ED-95ECF841A2E4}
	EndGlobalSection
EndGlobal
